// !$*UTF8*$!
{
	archiveVersion = 1;
	classes = {
	};
	objectVersion = 56;
	objects = {

/* Begin PBXBuildFile section */
		F2652BAE2BE2D65100527406 /* TaskMindApp.swift in Sources */ = {isa = PBXBuildFile; fileRef = F2652BAD2BE2D65100527406 /* TaskMindApp.swift */; };
		F2652BB02BE2D65100527406 /* ContentView.swift in Sources */ = {isa = PBXBuildFile; fileRef = F2652BAF2BE2D65100527406 /* ContentView.swift */; };
		F2652BB22BE2D65300527406 /* Assets.xcassets in Resources */ = {isa = PBXBuildFile; fileRef = F2652BB12BE2D65300527406 /* Assets.xcassets */; };
		F2652BB52BE2D65300527406 /* Preview Assets.xcassets in Resources */ = {isa = PBXBuildFile; fileRef = F2652BB42BE2D65300527406 /* Preview Assets.xcassets */; };
		F2652BBF2BE2D65300527406 /* TaskMindTests.swift in Sources */ = {isa = PBXBuildFile; fileRef = F2652BBE2BE2D65300527406 /* TaskMindTests.swift */; };
		F2652BC92BE2D65400527406 /* TaskMindUITests.swift in Sources */ = {isa = PBXBuildFile; fileRef = F2652BC82BE2D65400527406 /* TaskMindUITests.swift */; };
		F2652BCB2BE2D65400527406 /* TaskMindUITestsLaunchTests.swift in Sources */ = {isa = PBXBuildFile; fileRef = F2652BCA2BE2D65400527406 /* TaskMindUITestsLaunchTests.swift */; };
		F282E7132BE2DD5D00407456 /* FirebaseAuth in Frameworks */ = {isa = PBXBuildFile; productRef = F282E7122BE2DD5D00407456 /* FirebaseAuth */; };
		F282E7152BE2DD5D00407456 /* FirebaseFirestore in Frameworks */ = {isa = PBXBuildFile; productRef = F282E7142BE2DD5D00407456 /* FirebaseFirestore */; };
		F282E7172BE2DD5D00407456 /* FirebaseFirestoreSwift in Frameworks */ = {isa = PBXBuildFile; productRef = F282E7162BE2DD5D00407456 /* FirebaseFirestoreSwift */; };
		F282E7192BE2DD5D00407456 /* FirebaseStorage in Frameworks */ = {isa = PBXBuildFile; productRef = F282E7182BE2DD5D00407456 /* FirebaseStorage */; };
		F282E71B2BE2DDD100407456 /* GoogleService-Info.plist in Resources */ = {isa = PBXBuildFile; fileRef = F282E71A2BE2DDD100407456 /* GoogleService-Info.plist */; };
		F282E7212BE3DF0400407456 /* LoginView.swift in Sources */ = {isa = PBXBuildFile; fileRef = F282E7202BE3DF0400407456 /* LoginView.swift */; };
		F282E7232BE3DF1500407456 /* SignupView.swift in Sources */ = {isa = PBXBuildFile; fileRef = F282E7222BE3DF1500407456 /* SignupView.swift */; };
		F282E7252BE3DF2800407456 /* ProfileView.swift in Sources */ = {isa = PBXBuildFile; fileRef = F282E7242BE3DF2800407456 /* ProfileView.swift */; };
		F282E7272BE3DF4A00407456 /* ToDoListView.swift in Sources */ = {isa = PBXBuildFile; fileRef = F282E7262BE3DF4A00407456 /* ToDoListView.swift */; };
		F282E7292BE3DF5D00407456 /* NewItemView.swift in Sources */ = {isa = PBXBuildFile; fileRef = F282E7282BE3DF5D00407456 /* NewItemView.swift */; };
		F282E72B2BE3DF8500407456 /* ToDoListItemView.swift in Sources */ = {isa = PBXBuildFile; fileRef = F282E72A2BE3DF8500407456 /* ToDoListItemView.swift */; };
		F282E72D2BE3DFCD00407456 /* ToListButton.swift in Sources */ = {isa = PBXBuildFile; fileRef = F282E72C2BE3DFCD00407456 /* ToListButton.swift */; };
		F282E72F2BE3E00D00407456 /* User.swift in Sources */ = {isa = PBXBuildFile; fileRef = F282E72E2BE3E00D00407456 /* User.swift */; };
		F282E7312BE3E02300407456 /* ToDoListItem.swift in Sources */ = {isa = PBXBuildFile; fileRef = F282E7302BE3E02300407456 /* ToDoListItem.swift */; };
		F282E7332BE3E20D00407456 /* ContentViewViewModel.swift in Sources */ = {isa = PBXBuildFile; fileRef = F282E7322BE3E20D00407456 /* ContentViewViewModel.swift */; };
		F282E7352BE3E21E00407456 /* LoginViewViewModel.swift in Sources */ = {isa = PBXBuildFile; fileRef = F282E7342BE3E21E00407456 /* LoginViewViewModel.swift */; };
		F282E7372BE3E23200407456 /* SignupViewViewModel.swift in Sources */ = {isa = PBXBuildFile; fileRef = F282E7362BE3E23200407456 /* SignupViewViewModel.swift */; };
		F282E7392BE3E24E00407456 /* ProfileViewViewModel.swift in Sources */ = {isa = PBXBuildFile; fileRef = F282E7382BE3E24E00407456 /* ProfileViewViewModel.swift */; };
		F282E73B2BE3E25E00407456 /* ToDoListViewViewModel.swift in Sources */ = {isa = PBXBuildFile; fileRef = F282E73A2BE3E25E00407456 /* ToDoListViewViewModel.swift */; };
		F282E73D2BE3E26B00407456 /* NewItemViewViewModel.swift in Sources */ = {isa = PBXBuildFile; fileRef = F282E73C2BE3E26B00407456 /* NewItemViewViewModel.swift */; };
		F282E73F2BE3E27B00407456 /* ToDoListItemViewViewModel.swift in Sources */ = {isa = PBXBuildFile; fileRef = F282E73E2BE3E27A00407456 /* ToDoListItemViewViewModel.swift */; };
		F282E7412BE4318F00407456 /* Extentions.swift in Sources */ = {isa = PBXBuildFile; fileRef = F282E7402BE4318F00407456 /* Extentions.swift */; };
		F282E7432BE8F1AD00407456 /* CompletedView.swift in Sources */ = {isa = PBXBuildFile; fileRef = F282E7422BE8F1AD00407456 /* CompletedView.swift */; };
		F282E7452BE8F48500407456 /* ColorExtensions.swift in Sources */ = {isa = PBXBuildFile; fileRef = F282E7442BE8F48500407456 /* ColorExtensions.swift */; };
		F282E7472BE909BD00407456 /* APIImage.swift in Sources */ = {isa = PBXBuildFile; fileRef = F282E7462BE909BD00407456 /* APIImage.swift */; };
		F282E7492BE90A0600407456 /* ImagePickerView.swift in Sources */ = {isa = PBXBuildFile; fileRef = F282E7482BE90A0600407456 /* ImagePickerView.swift */; };
		F282E74B2BE90D2E00407456 /* CarouselView.swift in Sources */ = {isa = PBXBuildFile; fileRef = F282E74A2BE90D2D00407456 /* CarouselView.swift */; };
		F282E74D2BE90D5100407456 /* CarouselViewChild.swift in Sources */ = {isa = PBXBuildFile; fileRef = F282E74C2BE90D5100407456 /* CarouselViewChild.swift */; };
		F282E74F2BE910A200407456 /* IntroView.swift in Sources */ = {isa = PBXBuildFile; fileRef = F282E74E2BE910A200407456 /* IntroView.swift */; };
		F282E7512BE9754100407456 /* CompletedTasksViewModel.swift in Sources */ = {isa = PBXBuildFile; fileRef = F282E7502BE9754100407456 /* CompletedTasksViewModel.swift */; };
		F282E75E2BF1034000407456 /* FirebaseAnalytics in Frameworks */ = {isa = PBXBuildFile; productRef = F282E75D2BF1034000407456 /* FirebaseAnalytics */; };
		F282E7612BF365B900407456 /* MyLocalNotification.swift in Sources */ = {isa = PBXBuildFile; fileRef = F282E7602BF365B900407456 /* MyLocalNotification.swift */; };
/* End PBXBuildFile section */

/* Begin PBXContainerItemProxy section */
		F2652BBB2BE2D65300527406 /* PBXContainerItemProxy */ = {
			isa = PBXContainerItemProxy;
			containerPortal = F2652BA22BE2D65100527406 /* Project object */;
			proxyType = 1;
			remoteGlobalIDString = F2652BA92BE2D65100527406;
			remoteInfo = TaskMind;
		};
		F2652BC52BE2D65300527406 /* PBXContainerItemProxy */ = {
			isa = PBXContainerItemProxy;
			containerPortal = F2652BA22BE2D65100527406 /* Project object */;
			proxyType = 1;
			remoteGlobalIDString = F2652BA92BE2D65100527406;
			remoteInfo = TaskMind;
		};
/* End PBXContainerItemProxy section */

/* Begin PBXFileReference section */
		F2652BAA2BE2D65100527406 /* TaskMind.app */ = {isa = PBXFileReference; explicitFileType = wrapper.application; includeInIndex = 0; path = TaskMind.app; sourceTree = BUILT_PRODUCTS_DIR; };
		F2652BAD2BE2D65100527406 /* TaskMindApp.swift */ = {isa = PBXFileReference; lastKnownFileType = sourcecode.swift; path = TaskMindApp.swift; sourceTree = "<group>"; };
		F2652BAF2BE2D65100527406 /* ContentView.swift */ = {isa = PBXFileReference; lastKnownFileType = sourcecode.swift; path = ContentView.swift; sourceTree = "<group>"; };
		F2652BB12BE2D65300527406 /* Assets.xcassets */ = {isa = PBXFileReference; lastKnownFileType = folder.assetcatalog; path = Assets.xcassets; sourceTree = "<group>"; };
		F2652BB42BE2D65300527406 /* Preview Assets.xcassets */ = {isa = PBXFileReference; lastKnownFileType = folder.assetcatalog; path = "Preview Assets.xcassets"; sourceTree = "<group>"; };
		F2652BBA2BE2D65300527406 /* TaskMindTests.xctest */ = {isa = PBXFileReference; explicitFileType = wrapper.cfbundle; includeInIndex = 0; path = TaskMindTests.xctest; sourceTree = BUILT_PRODUCTS_DIR; };
		F2652BBE2BE2D65300527406 /* TaskMindTests.swift */ = {isa = PBXFileReference; lastKnownFileType = sourcecode.swift; path = TaskMindTests.swift; sourceTree = "<group>"; };
		F2652BC42BE2D65300527406 /* TaskMindUITests.xctest */ = {isa = PBXFileReference; explicitFileType = wrapper.cfbundle; includeInIndex = 0; path = TaskMindUITests.xctest; sourceTree = BUILT_PRODUCTS_DIR; };
		F2652BC82BE2D65400527406 /* TaskMindUITests.swift */ = {isa = PBXFileReference; lastKnownFileType = sourcecode.swift; path = TaskMindUITests.swift; sourceTree = "<group>"; };
		F2652BCA2BE2D65400527406 /* TaskMindUITestsLaunchTests.swift */ = {isa = PBXFileReference; lastKnownFileType = sourcecode.swift; path = TaskMindUITestsLaunchTests.swift; sourceTree = "<group>"; };
		F282E71A2BE2DDD100407456 /* GoogleService-Info.plist */ = {isa = PBXFileReference; fileEncoding = 4; lastKnownFileType = text.plist.xml; path = "GoogleService-Info.plist"; sourceTree = "<group>"; };
		F282E7202BE3DF0400407456 /* LoginView.swift */ = {isa = PBXFileReference; lastKnownFileType = sourcecode.swift; path = LoginView.swift; sourceTree = "<group>"; };
		F282E7222BE3DF1500407456 /* SignupView.swift */ = {isa = PBXFileReference; lastKnownFileType = sourcecode.swift; path = SignupView.swift; sourceTree = "<group>"; };
		F282E7242BE3DF2800407456 /* ProfileView.swift */ = {isa = PBXFileReference; lastKnownFileType = sourcecode.swift; path = ProfileView.swift; sourceTree = "<group>"; };
		F282E7262BE3DF4A00407456 /* ToDoListView.swift */ = {isa = PBXFileReference; lastKnownFileType = sourcecode.swift; path = ToDoListView.swift; sourceTree = "<group>"; };
		F282E7282BE3DF5D00407456 /* NewItemView.swift */ = {isa = PBXFileReference; lastKnownFileType = sourcecode.swift; path = NewItemView.swift; sourceTree = "<group>"; };
		F282E72A2BE3DF8500407456 /* ToDoListItemView.swift */ = {isa = PBXFileReference; lastKnownFileType = sourcecode.swift; path = ToDoListItemView.swift; sourceTree = "<group>"; };
		F282E72C2BE3DFCD00407456 /* ToListButton.swift */ = {isa = PBXFileReference; lastKnownFileType = sourcecode.swift; path = ToListButton.swift; sourceTree = "<group>"; };
		F282E72E2BE3E00D00407456 /* User.swift */ = {isa = PBXFileReference; lastKnownFileType = sourcecode.swift; path = User.swift; sourceTree = "<group>"; };
		F282E7302BE3E02300407456 /* ToDoListItem.swift */ = {isa = PBXFileReference; lastKnownFileType = sourcecode.swift; path = ToDoListItem.swift; sourceTree = "<group>"; };
		F282E7322BE3E20D00407456 /* ContentViewViewModel.swift */ = {isa = PBXFileReference; lastKnownFileType = sourcecode.swift; path = ContentViewViewModel.swift; sourceTree = "<group>"; };
		F282E7342BE3E21E00407456 /* LoginViewViewModel.swift */ = {isa = PBXFileReference; lastKnownFileType = sourcecode.swift; path = LoginViewViewModel.swift; sourceTree = "<group>"; };
		F282E7362BE3E23200407456 /* SignupViewViewModel.swift */ = {isa = PBXFileReference; lastKnownFileType = sourcecode.swift; path = SignupViewViewModel.swift; sourceTree = "<group>"; };
		F282E7382BE3E24E00407456 /* ProfileViewViewModel.swift */ = {isa = PBXFileReference; lastKnownFileType = sourcecode.swift; path = ProfileViewViewModel.swift; sourceTree = "<group>"; };
		F282E73A2BE3E25E00407456 /* ToDoListViewViewModel.swift */ = {isa = PBXFileReference; lastKnownFileType = sourcecode.swift; path = ToDoListViewViewModel.swift; sourceTree = "<group>"; };
		F282E73C2BE3E26B00407456 /* NewItemViewViewModel.swift */ = {isa = PBXFileReference; lastKnownFileType = sourcecode.swift; path = NewItemViewViewModel.swift; sourceTree = "<group>"; };
		F282E73E2BE3E27A00407456 /* ToDoListItemViewViewModel.swift */ = {isa = PBXFileReference; lastKnownFileType = sourcecode.swift; path = ToDoListItemViewViewModel.swift; sourceTree = "<group>"; };
		F282E7402BE4318F00407456 /* Extentions.swift */ = {isa = PBXFileReference; lastKnownFileType = sourcecode.swift; path = Extentions.swift; sourceTree = "<group>"; };
		F282E7422BE8F1AD00407456 /* CompletedView.swift */ = {isa = PBXFileReference; lastKnownFileType = sourcecode.swift; path = CompletedView.swift; sourceTree = "<group>"; };
		F282E7442BE8F48500407456 /* ColorExtensions.swift */ = {isa = PBXFileReference; lastKnownFileType = sourcecode.swift; path = ColorExtensions.swift; sourceTree = "<group>"; };
		F282E7462BE909BD00407456 /* APIImage.swift */ = {isa = PBXFileReference; lastKnownFileType = sourcecode.swift; path = APIImage.swift; sourceTree = "<group>"; };
		F282E7482BE90A0600407456 /* ImagePickerView.swift */ = {isa = PBXFileReference; lastKnownFileType = sourcecode.swift; path = ImagePickerView.swift; sourceTree = "<group>"; };
		F282E74A2BE90D2D00407456 /* CarouselView.swift */ = {isa = PBXFileReference; lastKnownFileType = sourcecode.swift; path = CarouselView.swift; sourceTree = "<group>"; };
		F282E74C2BE90D5100407456 /* CarouselViewChild.swift */ = {isa = PBXFileReference; lastKnownFileType = sourcecode.swift; path = CarouselViewChild.swift; sourceTree = "<group>"; };
		F282E74E2BE910A200407456 /* IntroView.swift */ = {isa = PBXFileReference; lastKnownFileType = sourcecode.swift; path = IntroView.swift; sourceTree = "<group>"; };
		F282E7502BE9754100407456 /* CompletedTasksViewModel.swift */ = {isa = PBXFileReference; lastKnownFileType = sourcecode.swift; path = CompletedTasksViewModel.swift; sourceTree = "<group>"; };
		F282E75F2BF1051600407456 /* Info.plist */ = {isa = PBXFileReference; lastKnownFileType = text.plist; path = Info.plist; sourceTree = "<group>"; };
		F282E7602BF365B900407456 /* MyLocalNotification.swift */ = {isa = PBXFileReference; lastKnownFileType = sourcecode.swift; path = MyLocalNotification.swift; sourceTree = "<group>"; };
/* End PBXFileReference section */

/* Begin PBXFrameworksBuildPhase section */
		F2652BA72BE2D65100527406 /* Frameworks */ = {
			isa = PBXFrameworksBuildPhase;
			buildActionMask = 2147483647;
			files = (
				F282E7132BE2DD5D00407456 /* FirebaseAuth in Frameworks */,
				F282E7192BE2DD5D00407456 /* FirebaseStorage in Frameworks */,
				F282E75E2BF1034000407456 /* FirebaseAnalytics in Frameworks */,
				F282E7152BE2DD5D00407456 /* FirebaseFirestore in Frameworks */,
				F282E7172BE2DD5D00407456 /* FirebaseFirestoreSwift in Frameworks */,
			);
			runOnlyForDeploymentPostprocessing = 0;
		};
		F2652BB72BE2D65300527406 /* Frameworks */ = {
			isa = PBXFrameworksBuildPhase;
			buildActionMask = 2147483647;
			files = (
			);
			runOnlyForDeploymentPostprocessing = 0;
		};
		F2652BC12BE2D65300527406 /* Frameworks */ = {
			isa = PBXFrameworksBuildPhase;
			buildActionMask = 2147483647;
			files = (
			);
			runOnlyForDeploymentPostprocessing = 0;
		};
/* End PBXFrameworksBuildPhase section */

/* Begin PBXGroup section */
		F2652BA12BE2D65100527406 = {
			isa = PBXGroup;
			children = (
				F2652BAC2BE2D65100527406 /* TaskMind */,
				F2652BBD2BE2D65300527406 /* TaskMindTests */,
				F2652BC72BE2D65300527406 /* TaskMindUITests */,
				F2652BAB2BE2D65100527406 /* Products */,
				F282E75A2BF0FCF900407456 /* Frameworks */,
			);
			sourceTree = "<group>";
		};
		F2652BAB2BE2D65100527406 /* Products */ = {
			isa = PBXGroup;
			children = (
				F2652BAA2BE2D65100527406 /* TaskMind.app */,
				F2652BBA2BE2D65300527406 /* TaskMindTests.xctest */,
				F2652BC42BE2D65300527406 /* TaskMindUITests.xctest */,
			);
			name = Products;
			sourceTree = "<group>";
		};
		F2652BAC2BE2D65100527406 /* TaskMind */ = {
			isa = PBXGroup;
			children = (
				F282E75F2BF1051600407456 /* Info.plist */,
				F282E71F2BE2E90B00407456 /* Other */,
				F282E71E2BE2E90300407456 /* Models */,
				F282E71D2BE2E8F200407456 /* ViewModels */,
				F282E71C2BE2E8E700407456 /* Views */,
				F2652BB32BE2D65300527406 /* Preview Content */,
			);
			path = TaskMind;
			sourceTree = "<group>";
		};
		F2652BB32BE2D65300527406 /* Preview Content */ = {
			isa = PBXGroup;
			children = (
				F2652BB42BE2D65300527406 /* Preview Assets.xcassets */,
			);
			path = "Preview Content";
			sourceTree = "<group>";
		};
		F2652BBD2BE2D65300527406 /* TaskMindTests */ = {
			isa = PBXGroup;
			children = (
				F2652BBE2BE2D65300527406 /* TaskMindTests.swift */,
			);
			path = TaskMindTests;
			sourceTree = "<group>";
		};
		F2652BC72BE2D65300527406 /* TaskMindUITests */ = {
			isa = PBXGroup;
			children = (
				F2652BC82BE2D65400527406 /* TaskMindUITests.swift */,
				F2652BCA2BE2D65400527406 /* TaskMindUITestsLaunchTests.swift */,
			);
			path = TaskMindUITests;
			sourceTree = "<group>";
		};
		F282E71C2BE2E8E700407456 /* Views */ = {
			isa = PBXGroup;
			children = (
				F2652BAF2BE2D65100527406 /* ContentView.swift */,
				F282E7202BE3DF0400407456 /* LoginView.swift */,
				F282E7222BE3DF1500407456 /* SignupView.swift */,
				F282E7242BE3DF2800407456 /* ProfileView.swift */,
				F282E7262BE3DF4A00407456 /* ToDoListView.swift */,
				F282E7282BE3DF5D00407456 /* NewItemView.swift */,
				F282E72A2BE3DF8500407456 /* ToDoListItemView.swift */,
				F282E72C2BE3DFCD00407456 /* ToListButton.swift */,
				F282E7422BE8F1AD00407456 /* CompletedView.swift */,
				F282E7482BE90A0600407456 /* ImagePickerView.swift */,
				F282E74A2BE90D2D00407456 /* CarouselView.swift */,
				F282E74C2BE90D5100407456 /* CarouselViewChild.swift */,
				F282E74E2BE910A200407456 /* IntroView.swift */,
			);
			path = Views;
			sourceTree = "<group>";
		};
		F282E71D2BE2E8F200407456 /* ViewModels */ = {
			isa = PBXGroup;
			children = (
				F282E7322BE3E20D00407456 /* ContentViewViewModel.swift */,
				F282E7342BE3E21E00407456 /* LoginViewViewModel.swift */,
				F282E7362BE3E23200407456 /* SignupViewViewModel.swift */,
				F282E7382BE3E24E00407456 /* ProfileViewViewModel.swift */,
				F282E73A2BE3E25E00407456 /* ToDoListViewViewModel.swift */,
				F282E73C2BE3E26B00407456 /* NewItemViewViewModel.swift */,
				F282E73E2BE3E27A00407456 /* ToDoListItemViewViewModel.swift */,
				F282E7502BE9754100407456 /* CompletedTasksViewModel.swift */,
			);
			path = ViewModels;
			sourceTree = "<group>";
		};
		F282E71E2BE2E90300407456 /* Models */ = {
			isa = PBXGroup;
			children = (
				F282E72E2BE3E00D00407456 /* User.swift */,
				F282E7302BE3E02300407456 /* ToDoListItem.swift */,
				F282E7462BE909BD00407456 /* APIImage.swift */,
			);
			path = Models;
			sourceTree = "<group>";
		};
		F282E71F2BE2E90B00407456 /* Other */ = {
			isa = PBXGroup;
			children = (
				F2652BAD2BE2D65100527406 /* TaskMindApp.swift */,
				F2652BB12BE2D65300527406 /* Assets.xcassets */,
				F282E71A2BE2DDD100407456 /* GoogleService-Info.plist */,
				F282E7402BE4318F00407456 /* Extentions.swift */,
				F282E7442BE8F48500407456 /* ColorExtensions.swift */,
				F282E7602BF365B900407456 /* MyLocalNotification.swift */,
			);
			path = Other;
			sourceTree = "<group>";
		};
		F282E75A2BF0FCF900407456 /* Frameworks */ = {
			isa = PBXGroup;
			children = (
			);
			name = Frameworks;
			sourceTree = "<group>";
		};
/* End PBXGroup section */

/* Begin PBXNativeTarget section */
		F2652BA92BE2D65100527406 /* TaskMind */ = {
			isa = PBXNativeTarget;
			buildConfigurationList = F2652BCE2BE2D65400527406 /* Build configuration list for PBXNativeTarget "TaskMind" */;
			buildPhases = (
				F2652BA62BE2D65100527406 /* Sources */,
				F2652BA72BE2D65100527406 /* Frameworks */,
				F2652BA82BE2D65100527406 /* Resources */,
			);
			buildRules = (
			);
			dependencies = (
			);
			name = TaskMind;
			packageProductDependencies = (
				F282E7122BE2DD5D00407456 /* FirebaseAuth */,
				F282E7142BE2DD5D00407456 /* FirebaseFirestore */,
				F282E7162BE2DD5D00407456 /* FirebaseFirestoreSwift */,
				F282E7182BE2DD5D00407456 /* FirebaseStorage */,
				F282E75D2BF1034000407456 /* FirebaseAnalytics */,
			);
			productName = TaskMind;
			productReference = F2652BAA2BE2D65100527406 /* TaskMind.app */;
			productType = "com.apple.product-type.application";
		};
		F2652BB92BE2D65300527406 /* TaskMindTests */ = {
			isa = PBXNativeTarget;
			buildConfigurationList = F2652BD12BE2D65400527406 /* Build configuration list for PBXNativeTarget "TaskMindTests" */;
			buildPhases = (
				F2652BB62BE2D65300527406 /* Sources */,
				F2652BB72BE2D65300527406 /* Frameworks */,
				F2652BB82BE2D65300527406 /* Resources */,
			);
			buildRules = (
			);
			dependencies = (
				F2652BBC2BE2D65300527406 /* PBXTargetDependency */,
			);
			name = TaskMindTests;
			productName = TaskMindTests;
			productReference = F2652BBA2BE2D65300527406 /* TaskMindTests.xctest */;
			productType = "com.apple.product-type.bundle.unit-test";
		};
		F2652BC32BE2D65300527406 /* TaskMindUITests */ = {
			isa = PBXNativeTarget;
			buildConfigurationList = F2652BD42BE2D65400527406 /* Build configuration list for PBXNativeTarget "TaskMindUITests" */;
			buildPhases = (
				F2652BC02BE2D65300527406 /* Sources */,
				F2652BC12BE2D65300527406 /* Frameworks */,
				F2652BC22BE2D65300527406 /* Resources */,
			);
			buildRules = (
			);
			dependencies = (
				F2652BC62BE2D65300527406 /* PBXTargetDependency */,
			);
			name = TaskMindUITests;
			productName = TaskMindUITests;
			productReference = F2652BC42BE2D65300527406 /* TaskMindUITests.xctest */;
			productType = "com.apple.product-type.bundle.ui-testing";
		};
/* End PBXNativeTarget section */

/* Begin PBXProject section */
		F2652BA22BE2D65100527406 /* Project object */ = {
			isa = PBXProject;
			attributes = {
				BuildIndependentTargetsInParallel = 1;
				LastSwiftUpdateCheck = 1530;
				LastUpgradeCheck = 1530;
				TargetAttributes = {
					F2652BA92BE2D65100527406 = {
						CreatedOnToolsVersion = 15.3;
					};
					F2652BB92BE2D65300527406 = {
						CreatedOnToolsVersion = 15.3;
						TestTargetID = F2652BA92BE2D65100527406;
					};
					F2652BC32BE2D65300527406 = {
						CreatedOnToolsVersion = 15.3;
						TestTargetID = F2652BA92BE2D65100527406;
					};
				};
			};
			buildConfigurationList = F2652BA52BE2D65100527406 /* Build configuration list for PBXProject "TaskMind" */;
			compatibilityVersion = "Xcode 14.0";
			developmentRegion = en;
			hasScannedForEncodings = 0;
			knownRegions = (
				en,
				Base,
			);
			mainGroup = F2652BA12BE2D65100527406;
			packageReferences = (
				F282E7112BE2DD5D00407456 /* XCRemoteSwiftPackageReference "firebase-ios-sdk" */,
			);
			productRefGroup = F2652BAB2BE2D65100527406 /* Products */;
			projectDirPath = "";
			projectRoot = "";
			targets = (
				F2652BA92BE2D65100527406 /* TaskMind */,
				F2652BB92BE2D65300527406 /* TaskMindTests */,
				F2652BC32BE2D65300527406 /* TaskMindUITests */,
			);
		};
/* End PBXProject section */

/* Begin PBXResourcesBuildPhase section */
		F2652BA82BE2D65100527406 /* Resources */ = {
			isa = PBXResourcesBuildPhase;
			buildActionMask = 2147483647;
			files = (
				F2652BB52BE2D65300527406 /* Preview Assets.xcassets in Resources */,
				F2652BB22BE2D65300527406 /* Assets.xcassets in Resources */,
				F282E71B2BE2DDD100407456 /* GoogleService-Info.plist in Resources */,
			);
			runOnlyForDeploymentPostprocessing = 0;
		};
		F2652BB82BE2D65300527406 /* Resources */ = {
			isa = PBXResourcesBuildPhase;
			buildActionMask = 2147483647;
			files = (
			);
			runOnlyForDeploymentPostprocessing = 0;
		};
		F2652BC22BE2D65300527406 /* Resources */ = {
			isa = PBXResourcesBuildPhase;
			buildActionMask = 2147483647;
			files = (
			);
			runOnlyForDeploymentPostprocessing = 0;
		};
/* End PBXResourcesBuildPhase section */

/* Begin PBXSourcesBuildPhase section */
		F2652BA62BE2D65100527406 /* Sources */ = {
			isa = PBXSourcesBuildPhase;
			buildActionMask = 2147483647;
			files = (
				F282E7312BE3E02300407456 /* ToDoListItem.swift in Sources */,
				F282E7492BE90A0600407456 /* ImagePickerView.swift in Sources */,
				F282E7272BE3DF4A00407456 /* ToDoListView.swift in Sources */,
				F282E7392BE3E24E00407456 /* ProfileViewViewModel.swift in Sources */,
				F282E7232BE3DF1500407456 /* SignupView.swift in Sources */,
				F282E7472BE909BD00407456 /* APIImage.swift in Sources */,
				F282E7292BE3DF5D00407456 /* NewItemView.swift in Sources */,
				F282E7212BE3DF0400407456 /* LoginView.swift in Sources */,
				F282E7412BE4318F00407456 /* Extentions.swift in Sources */,
				F282E7252BE3DF2800407456 /* ProfileView.swift in Sources */,
				F282E7352BE3E21E00407456 /* LoginViewViewModel.swift in Sources */,
				F282E74D2BE90D5100407456 /* CarouselViewChild.swift in Sources */,
				F282E72B2BE3DF8500407456 /* ToDoListItemView.swift in Sources */,
				F282E7512BE9754100407456 /* CompletedTasksViewModel.swift in Sources */,
				F282E7432BE8F1AD00407456 /* CompletedView.swift in Sources */,
				F282E72D2BE3DFCD00407456 /* ToListButton.swift in Sources */,
				F282E73F2BE3E27B00407456 /* ToDoListItemViewViewModel.swift in Sources */,
				F282E73D2BE3E26B00407456 /* NewItemViewViewModel.swift in Sources */,
				F282E74F2BE910A200407456 /* IntroView.swift in Sources */,
				F282E7372BE3E23200407456 /* SignupViewViewModel.swift in Sources */,
				F2652BB02BE2D65100527406 /* ContentView.swift in Sources */,
				F282E72F2BE3E00D00407456 /* User.swift in Sources */,
				F2652BAE2BE2D65100527406 /* TaskMindApp.swift in Sources */,
				F282E7332BE3E20D00407456 /* ContentViewViewModel.swift in Sources */,
				F282E7612BF365B900407456 /* MyLocalNotification.swift in Sources */,
				F282E73B2BE3E25E00407456 /* ToDoListViewViewModel.swift in Sources */,
				F282E74B2BE90D2E00407456 /* CarouselView.swift in Sources */,
				F282E7452BE8F48500407456 /* ColorExtensions.swift in Sources */,
			);
			runOnlyForDeploymentPostprocessing = 0;
		};
		F2652BB62BE2D65300527406 /* Sources */ = {
			isa = PBXSourcesBuildPhase;
			buildActionMask = 2147483647;
			files = (
				F2652BBF2BE2D65300527406 /* TaskMindTests.swift in Sources */,
			);
			runOnlyForDeploymentPostprocessing = 0;
		};
		F2652BC02BE2D65300527406 /* Sources */ = {
			isa = PBXSourcesBuildPhase;
			buildActionMask = 2147483647;
			files = (
				F2652BCB2BE2D65400527406 /* TaskMindUITestsLaunchTests.swift in Sources */,
				F2652BC92BE2D65400527406 /* TaskMindUITests.swift in Sources */,
			);
			runOnlyForDeploymentPostprocessing = 0;
		};
/* End PBXSourcesBuildPhase section */

/* Begin PBXTargetDependency section */
		F2652BBC2BE2D65300527406 /* PBXTargetDependency */ = {
			isa = PBXTargetDependency;
			target = F2652BA92BE2D65100527406 /* TaskMind */;
			targetProxy = F2652BBB2BE2D65300527406 /* PBXContainerItemProxy */;
		};
		F2652BC62BE2D65300527406 /* PBXTargetDependency */ = {
			isa = PBXTargetDependency;
			target = F2652BA92BE2D65100527406 /* TaskMind */;
			targetProxy = F2652BC52BE2D65300527406 /* PBXContainerItemProxy */;
		};
/* End PBXTargetDependency section */

/* Begin XCBuildConfiguration section */
		F2652BCC2BE2D65400527406 /* Debug */ = {
			isa = XCBuildConfiguration;
			buildSettings = {
				ALWAYS_SEARCH_USER_PATHS = NO;
				ASSETCATALOG_COMPILER_GENERATE_SWIFT_ASSET_SYMBOL_EXTENSIONS = YES;
				CLANG_ANALYZER_NONNULL = YES;
				CLANG_ANALYZER_NUMBER_OBJECT_CONVERSION = YES_AGGRESSIVE;
				CLANG_CXX_LANGUAGE_STANDARD = "gnu++20";
				CLANG_ENABLE_MODULES = YES;
				CLANG_ENABLE_OBJC_ARC = YES;
				CLANG_ENABLE_OBJC_WEAK = YES;
				CLANG_WARN_BLOCK_CAPTURE_AUTORELEASING = YES;
				CLANG_WARN_BOOL_CONVERSION = YES;
				CLANG_WARN_COMMA = YES;
				CLANG_WARN_CONSTANT_CONVERSION = YES;
				CLANG_WARN_DEPRECATED_OBJC_IMPLEMENTATIONS = YES;
				CLANG_WARN_DIRECT_OBJC_ISA_USAGE = YES_ERROR;
				CLANG_WARN_DOCUMENTATION_COMMENTS = YES;
				CLANG_WARN_EMPTY_BODY = YES;
				CLANG_WARN_ENUM_CONVERSION = YES;
				CLANG_WARN_INFINITE_RECURSION = YES;
				CLANG_WARN_INT_CONVERSION = YES;
				CLANG_WARN_NON_LITERAL_NULL_CONVERSION = YES;
				CLANG_WARN_OBJC_IMPLICIT_RETAIN_SELF = YES;
				CLANG_WARN_OBJC_LITERAL_CONVERSION = YES;
				CLANG_WARN_OBJC_ROOT_CLASS = YES_ERROR;
				CLANG_WARN_QUOTED_INCLUDE_IN_FRAMEWORK_HEADER = YES;
				CLANG_WARN_RANGE_LOOP_ANALYSIS = YES;
				CLANG_WARN_STRICT_PROTOTYPES = YES;
				CLANG_WARN_SUSPICIOUS_MOVE = YES;
				CLANG_WARN_UNGUARDED_AVAILABILITY = YES_AGGRESSIVE;
				CLANG_WARN_UNREACHABLE_CODE = YES;
				CLANG_WARN__DUPLICATE_METHOD_MATCH = YES;
				COPY_PHASE_STRIP = NO;
				DEBUG_INFORMATION_FORMAT = dwarf;
				ENABLE_STRICT_OBJC_MSGSEND = YES;
				ENABLE_TESTABILITY = YES;
				ENABLE_USER_SCRIPT_SANDBOXING = YES;
				GCC_C_LANGUAGE_STANDARD = gnu17;
				GCC_DYNAMIC_NO_PIC = NO;
				GCC_NO_COMMON_BLOCKS = YES;
				GCC_OPTIMIZATION_LEVEL = 0;
				GCC_PREPROCESSOR_DEFINITIONS = (
					"DEBUG=1",
					"$(inherited)",
				);
				GCC_WARN_64_TO_32_BIT_CONVERSION = YES;
				GCC_WARN_ABOUT_RETURN_TYPE = YES_ERROR;
				GCC_WARN_UNDECLARED_SELECTOR = YES;
				GCC_WARN_UNINITIALIZED_AUTOS = YES_AGGRESSIVE;
				GCC_WARN_UNUSED_FUNCTION = YES;
				GCC_WARN_UNUSED_VARIABLE = YES;
				IPHONEOS_DEPLOYMENT_TARGET = 17.4;
				LOCALIZATION_PREFERS_STRING_CATALOGS = YES;
				MTL_ENABLE_DEBUG_INFO = INCLUDE_SOURCE;
				MTL_FAST_MATH = YES;
				ONLY_ACTIVE_ARCH = YES;
				SDKROOT = iphoneos;
				SWIFT_ACTIVE_COMPILATION_CONDITIONS = "DEBUG $(inherited)";
				SWIFT_OPTIMIZATION_LEVEL = "-Onone";
			};
			name = Debug;
		};
		F2652BCD2BE2D65400527406 /* Release */ = {
			isa = XCBuildConfiguration;
			buildSettings = {
				ALWAYS_SEARCH_USER_PATHS = NO;
				ASSETCATALOG_COMPILER_GENERATE_SWIFT_ASSET_SYMBOL_EXTENSIONS = YES;
				CLANG_ANALYZER_NONNULL = YES;
				CLANG_ANALYZER_NUMBER_OBJECT_CONVERSION = YES_AGGRESSIVE;
				CLANG_CXX_LANGUAGE_STANDARD = "gnu++20";
				CLANG_ENABLE_MODULES = YES;
				CLANG_ENABLE_OBJC_ARC = YES;
				CLANG_ENABLE_OBJC_WEAK = YES;
				CLANG_WARN_BLOCK_CAPTURE_AUTORELEASING = YES;
				CLANG_WARN_BOOL_CONVERSION = YES;
				CLANG_WARN_COMMA = YES;
				CLANG_WARN_CONSTANT_CONVERSION = YES;
				CLANG_WARN_DEPRECATED_OBJC_IMPLEMENTATIONS = YES;
				CLANG_WARN_DIRECT_OBJC_ISA_USAGE = YES_ERROR;
				CLANG_WARN_DOCUMENTATION_COMMENTS = YES;
				CLANG_WARN_EMPTY_BODY = YES;
				CLANG_WARN_ENUM_CONVERSION = YES;
				CLANG_WARN_INFINITE_RECURSION = YES;
				CLANG_WARN_INT_CONVERSION = YES;
				CLANG_WARN_NON_LITERAL_NULL_CONVERSION = YES;
				CLANG_WARN_OBJC_IMPLICIT_RETAIN_SELF = YES;
				CLANG_WARN_OBJC_LITERAL_CONVERSION = YES;
				CLANG_WARN_OBJC_ROOT_CLASS = YES_ERROR;
				CLANG_WARN_QUOTED_INCLUDE_IN_FRAMEWORK_HEADER = YES;
				CLANG_WARN_RANGE_LOOP_ANALYSIS = YES;
				CLANG_WARN_STRICT_PROTOTYPES = YES;
				CLANG_WARN_SUSPICIOUS_MOVE = YES;
				CLANG_WARN_UNGUARDED_AVAILABILITY = YES_AGGRESSIVE;
				CLANG_WARN_UNREACHABLE_CODE = YES;
				CLANG_WARN__DUPLICATE_METHOD_MATCH = YES;
				COPY_PHASE_STRIP = NO;
				DEBUG_INFORMATION_FORMAT = "dwarf-with-dsym";
				ENABLE_NS_ASSERTIONS = NO;
				ENABLE_STRICT_OBJC_MSGSEND = YES;
				ENABLE_USER_SCRIPT_SANDBOXING = YES;
				GCC_C_LANGUAGE_STANDARD = gnu17;
				GCC_NO_COMMON_BLOCKS = YES;
				GCC_WARN_64_TO_32_BIT_CONVERSION = YES;
				GCC_WARN_ABOUT_RETURN_TYPE = YES_ERROR;
				GCC_WARN_UNDECLARED_SELECTOR = YES;
				GCC_WARN_UNINITIALIZED_AUTOS = YES_AGGRESSIVE;
				GCC_WARN_UNUSED_FUNCTION = YES;
				GCC_WARN_UNUSED_VARIABLE = YES;
				IPHONEOS_DEPLOYMENT_TARGET = 17.4;
				LOCALIZATION_PREFERS_STRING_CATALOGS = YES;
				MTL_ENABLE_DEBUG_INFO = NO;
				MTL_FAST_MATH = YES;
				SDKROOT = iphoneos;
				SWIFT_COMPILATION_MODE = wholemodule;
				VALIDATE_PRODUCT = YES;
			};
			name = Release;
		};
		F2652BCF2BE2D65400527406 /* Debug */ = {
			isa = XCBuildConfiguration;
			buildSettings = {
				ASSETCATALOG_COMPILER_APPICON_NAME = AppIcon;
				ASSETCATALOG_COMPILER_GLOBAL_ACCENT_COLOR_NAME = AccentColor;
				CODE_SIGN_STYLE = Automatic;
				CURRENT_PROJECT_VERSION = 1;
				DEVELOPMENT_ASSET_PATHS = "\"TaskMind/Preview Content\"";
				DEVELOPMENT_TEAM = QKRZ254RQC;
				ENABLE_PREVIEWS = YES;
				GENERATE_INFOPLIST_FILE = YES;
				INFOPLIST_FILE = TaskMind/Info.plist;
				INFOPLIST_KEY_CFBundleDisplayName = TaskMind;
				INFOPLIST_KEY_UIApplicationSceneManifest_Generation = YES;
				INFOPLIST_KEY_UIApplicationSupportsIndirectInputEvents = YES;
				INFOPLIST_KEY_UILaunchScreen_Generation = YES;
				INFOPLIST_KEY_UISupportedInterfaceOrientations = UIInterfaceOrientationPortrait;
				LD_RUNPATH_SEARCH_PATHS = (
					"$(inherited)",
					"@executable_path/Frameworks",
				);
				MARKETING_VERSION = 1.0;
				PRODUCT_BUNDLE_IDENTIFIER = aleksandra.TaskMind;
				PRODUCT_NAME = "$(TARGET_NAME)";
				SWIFT_EMIT_LOC_STRINGS = YES;
				SWIFT_VERSION = 5.0;
				TARGETED_DEVICE_FAMILY = "1,2";
			};
			name = Debug;
		};
		F2652BD02BE2D65400527406 /* Release */ = {
			isa = XCBuildConfiguration;
			buildSettings = {
				ASSETCATALOG_COMPILER_APPICON_NAME = AppIcon;
				ASSETCATALOG_COMPILER_GLOBAL_ACCENT_COLOR_NAME = AccentColor;
				CODE_SIGN_STYLE = Automatic;
				CURRENT_PROJECT_VERSION = 1;
				DEVELOPMENT_ASSET_PATHS = "\"TaskMind/Preview Content\"";
				DEVELOPMENT_TEAM = QKRZ254RQC;
				ENABLE_PREVIEWS = YES;
				GENERATE_INFOPLIST_FILE = YES;
				INFOPLIST_FILE = TaskMind/Info.plist;
				INFOPLIST_KEY_CFBundleDisplayName = TaskMind;
				INFOPLIST_KEY_UIApplicationSceneManifest_Generation = YES;
				INFOPLIST_KEY_UIApplicationSupportsIndirectInputEvents = YES;
				INFOPLIST_KEY_UILaunchScreen_Generation = YES;
				INFOPLIST_KEY_UISupportedInterfaceOrientations = UIInterfaceOrientationPortrait;
				LD_RUNPATH_SEARCH_PATHS = (
					"$(inherited)",
					"@executable_path/Frameworks",
				);
				MARKETING_VERSION = 1.0;
				PRODUCT_BUNDLE_IDENTIFIER = aleksandra.TaskMind;
				PRODUCT_NAME = "$(TARGET_NAME)";
				SWIFT_EMIT_LOC_STRINGS = YES;
				SWIFT_VERSION = 5.0;
				TARGETED_DEVICE_FAMILY = "1,2";
			};
			name = Release;
		};
		F2652BD22BE2D65400527406 /* Debug */ = {
			isa = XCBuildConfiguration;
			buildSettings = {
				ALWAYS_EMBED_SWIFT_STANDARD_LIBRARIES = YES;
				BUNDLE_LOADER = "$(TEST_HOST)";
				CODE_SIGN_STYLE = Automatic;
				CURRENT_PROJECT_VERSION = 1;
				DEVELOPMENT_TEAM = QKRZ254RQC;
				GENERATE_INFOPLIST_FILE = YES;
				IPHONEOS_DEPLOYMENT_TARGET = 17.4;
				MARKETING_VERSION = 1.0;
				PRODUCT_BUNDLE_IDENTIFIER = aleksandra.TaskMindTests;
				PRODUCT_NAME = "$(TARGET_NAME)";
				SWIFT_EMIT_LOC_STRINGS = NO;
				SWIFT_VERSION = 5.0;
				TARGETED_DEVICE_FAMILY = "1,2";
				TEST_HOST = "$(BUILT_PRODUCTS_DIR)/TaskMind.app/$(BUNDLE_EXECUTABLE_FOLDER_PATH)/TaskMind";
			};
			name = Debug;
		};
		F2652BD32BE2D65400527406 /* Release */ = {
			isa = XCBuildConfiguration;
			buildSettings = {
				ALWAYS_EMBED_SWIFT_STANDARD_LIBRARIES = YES;
				BUNDLE_LOADER = "$(TEST_HOST)";
				CODE_SIGN_STYLE = Automatic;
				CURRENT_PROJECT_VERSION = 1;
				DEVELOPMENT_TEAM = QKRZ254RQC;
				GENERATE_INFOPLIST_FILE = YES;
				IPHONEOS_DEPLOYMENT_TARGET = 17.4;
				MARKETING_VERSION = 1.0;
				PRODUCT_BUNDLE_IDENTIFIER = aleksandra.TaskMindTests;
				PRODUCT_NAME = "$(TARGET_NAME)";
				SWIFT_EMIT_LOC_STRINGS = NO;
				SWIFT_VERSION = 5.0;
				TARGETED_DEVICE_FAMILY = "1,2";
				TEST_HOST = "$(BUILT_PRODUCTS_DIR)/TaskMind.app/$(BUNDLE_EXECUTABLE_FOLDER_PATH)/TaskMind";
			};
			name = Release;
		};
		F2652BD52BE2D65400527406 /* Debug */ = {
			isa = XCBuildConfiguration;
			buildSettings = {
				ALWAYS_EMBED_SWIFT_STANDARD_LIBRARIES = YES;
				CODE_SIGN_STYLE = Automatic;
				CURRENT_PROJECT_VERSION = 1;
				DEVELOPMENT_TEAM = QKRZ254RQC;
				GENERATE_INFOPLIST_FILE = YES;
				MARKETING_VERSION = 1.0;
				PRODUCT_BUNDLE_IDENTIFIER = aleksandra.TaskMindUITests;
				PRODUCT_NAME = "$(TARGET_NAME)";
				SWIFT_EMIT_LOC_STRINGS = NO;
				SWIFT_VERSION = 5.0;
				TARGETED_DEVICE_FAMILY = "1,2";
				TEST_TARGET_NAME = TaskMind;
			};
			name = Debug;
		};
		F2652BD62BE2D65400527406 /* Release */ = {
			isa = XCBuildConfiguration;
			buildSettings = {
				ALWAYS_EMBED_SWIFT_STANDARD_LIBRARIES = YES;
				CODE_SIGN_STYLE = Automatic;
				CURRENT_PROJECT_VERSION = 1;
				DEVELOPMENT_TEAM = QKRZ254RQC;
				GENERATE_INFOPLIST_FILE = YES;
				MARKETING_VERSION = 1.0;
				PRODUCT_BUNDLE_IDENTIFIER = aleksandra.TaskMindUITests;
				PRODUCT_NAME = "$(TARGET_NAME)";
				SWIFT_EMIT_LOC_STRINGS = NO;
				SWIFT_VERSION = 5.0;
				TARGETED_DEVICE_FAMILY = "1,2";
				TEST_TARGET_NAME = TaskMind;
			};
			name = Release;
		};
/* End XCBuildConfiguration section */

/* Begin XCConfigurationList section */
		F2652BA52BE2D65100527406 /* Build configuration list for PBXProject "TaskMind" */ = {
			isa = XCConfigurationList;
			buildConfigurations = (
				F2652BCC2BE2D65400527406 /* Debug */,
				F2652BCD2BE2D65400527406 /* Release */,
			);
			defaultConfigurationIsVisible = 0;
			defaultConfigurationName = Release;
		};
		F2652BCE2BE2D65400527406 /* Build configuration list for PBXNativeTarget "TaskMind" */ = {
			isa = XCConfigurationList;
			buildConfigurations = (
				F2652BCF2BE2D65400527406 /* Debug */,
				F2652BD02BE2D65400527406 /* Release */,
			);
			defaultConfigurationIsVisible = 0;
			defaultConfigurationName = Release;
		};
		F2652BD12BE2D65400527406 /* Build configuration list for PBXNativeTarget "TaskMindTests" */ = {
			isa = XCConfigurationList;
			buildConfigurations = (
				F2652BD22BE2D65400527406 /* Debug */,
				F2652BD32BE2D65400527406 /* Release */,
			);
			defaultConfigurationIsVisible = 0;
			defaultConfigurationName = Release;
		};
		F2652BD42BE2D65400527406 /* Build configuration list for PBXNativeTarget "TaskMindUITests" */ = {
			isa = XCConfigurationList;
			buildConfigurations = (
				F2652BD52BE2D65400527406 /* Debug */,
				F2652BD62BE2D65400527406 /* Release */,
			);
			defaultConfigurationIsVisible = 0;
			defaultConfigurationName = Release;
		};
/* End XCConfigurationList section */

/* Begin XCRemoteSwiftPackageReference section */
		F282E7112BE2DD5D00407456 /* XCRemoteSwiftPackageReference "firebase-ios-sdk" */ = {
			isa = XCRemoteSwiftPackageReference;
			repositoryURL = "https://github.com/firebase/firebase-ios-sdk";
			requirement = {
				kind = upToNextMajorVersion;
				minimumVersion = 10.25.0;
			};
		};
/* End XCRemoteSwiftPackageReference section */

/* Begin XCSwiftPackageProductDependency section */
		F282E7122BE2DD5D00407456 /* FirebaseAuth */ = {
			isa = XCSwiftPackageProductDependency;
			package = F282E7112BE2DD5D00407456 /* XCRemoteSwiftPackageReference "firebase-ios-sdk" */;
			productName = FirebaseAuth;
		};
		F282E7142BE2DD5D00407456 /* FirebaseFirestore */ = {
			isa = XCSwiftPackageProductDependency;
			package = F282E7112BE2DD5D00407456 /* XCRemoteSwiftPackageReference "firebase-ios-sdk" */;
			productName = FirebaseFirestore;
		};
		F282E7162BE2DD5D00407456 /* FirebaseFirestoreSwift */ = {
			isa = XCSwiftPackageProductDependency;
			package = F282E7112BE2DD5D00407456 /* XCRemoteSwiftPackageReference "firebase-ios-sdk" */;
			productName = FirebaseFirestoreSwift;
		};
		F282E7182BE2DD5D00407456 /* FirebaseStorage */ = {
			isa = XCSwiftPackageProductDependency;
			package = F282E7112BE2DD5D00407456 /* XCRemoteSwiftPackageReference "firebase-ios-sdk" */;
			productName = FirebaseStorage;
		};
		F282E75D2BF1034000407456 /* FirebaseAnalytics */ = {
			isa = XCSwiftPackageProductDependency;
			package = F282E7112BE2DD5D00407456 /* XCRemoteSwiftPackageReference "firebase-ios-sdk" */;
			productName = FirebaseAnalytics;
		};
/* End XCSwiftPackageProductDependency section */
	};
	rootObject = F2652BA22BE2D65100527406 /* Project object */;
}
